
Microsoft Visual Studio Solution File, Format Version 12.00
# Visual Studio Version 17
VisualStudioVersion = 17.3.32901.215
MinimumVisualStudioVersion = 10.0.40219.1
Project("{D2ABAB84-BF74-430A-B69E-9DC6D40DDA17}") = "2_CuboCovid", "2_CuboCovid.dwproj", "{DB0D28CD-37B8-4AB8-97C2-CB38A2E7044D}"
EndProject
Global
	GlobalSection(SolutionConfigurationPlatforms) = preSolution
		Development|Default = Development|Default
	EndGlobalSection
	GlobalSection(ProjectConfigurationPlatforms) = postSolution
		{DB0D28CD-37B8-4AB8-97C2-CB38A2E7044D}.Development|Default.ActiveCfg = Development
		{DB0D28CD-37B8-4AB8-97C2-CB38A2E7044D}.Development|Default.Build.0 = Development
		{DB0D28CD-37B8-4AB8-97C2-CB38A2E7044D}.Development|Default.Deploy.0 = Development
	EndGlobalSection
	GlobalSection(SolutionProperties) = preSolution
		HideSolutionNode = FALSE
	EndGlobalSection
	GlobalSection(ExtensibilityGlobals) = postSolution
		SolutionGuid = {82CAE048-44E6-4A7E-9290-C85EF2AF2B44}
	EndGlobalSection
EndGlobal
